
Microsoft Visual Studio Solution File, Format Version 12.00
# Visual Studio Version 17
VisualStudioVersion = 17.1.32421.90
MinimumVisualStudioVersion = 10.0.40219.1
Project("{FAE04EC0-301F-11D3-BF4B-00C04F79EFBC}") = "A királyi kard küldetés", "A királyi kard küldetés\A királyi kard küldetés.csproj", "{60A274BB-29DC-435F-8D27-729319A31989}"
EndProject
Global
	GlobalSection(SolutionConfigurationPlatforms) = preSolution
		Debug|Any CPU = Debug|Any CPU
		Release|Any CPU = Release|Any CPU
	EndGlobalSection
	GlobalSection(ProjectConfigurationPlatforms) = postSolution
		{60A274BB-29DC-435F-8D27-729319A31989}.Debug|Any CPU.ActiveCfg = Debug|Any CPU
		{60A274BB-29DC-435F-8D27-729319A31989}.Debug|Any CPU.Build.0 = Debug|Any CPU
		{60A274BB-29DC-435F-8D27-729319A31989}.Release|Any CPU.ActiveCfg = Release|Any CPU
		{60A274BB-29DC-435F-8D27-729319A31989}.Release|Any CPU.Build.0 = Release|Any CPU
	EndGlobalSection
	GlobalSection(SolutionProperties) = preSolution
		HideSolutionNode = FALSE
	EndGlobalSection
	GlobalSection(ExtensibilityGlobals) = postSolution
		SolutionGuid = {D6CB6EB8-2F29-46AE-A21E-3A4115B7CA0D}
	EndGlobalSection
EndGlobal
